
Microsoft Visual Studio Solution File, Format Version 12.00
# Visual Studio Version 17
VisualStudioVersion = 17.1.32328.378
MinimumVisualStudioVersion = 10.0.40219.1
Project("{FAE04EC0-301F-11D3-BF4B-00C04F79EFBC}") = "TaskList.Api", "TaskList\TaskList.Api.csproj", "{325C31FB-70F1-45D9-AEBB-96B817E96B8C}"
EndProject
Project("{FAE04EC0-301F-11D3-BF4B-00C04F79EFBC}") = "TaskList.Domain", "TaskList.Domain\TaskList.Domain.csproj", "{064606F4-36E4-4C24-B3F0-BAEB7C59BA86}"
EndProject
Project("{FAE04EC0-301F-11D3-BF4B-00C04F79EFBC}") = "TaskList.Dto", "TaskList.Dto\TaskList.Dto.csproj", "{7952E00C-54BE-45C7-924A-984353469517}"
EndProject
Project("{FAE04EC0-301F-11D3-BF4B-00C04F79EFBC}") = "TaskList.Application", "TaskList.Application\TaskList.Application.csproj", "{7D2D6E11-5E02-46B5-A423-8C83F8B503EE}"
EndProject
Project("{FAE04EC0-301F-11D3-BF4B-00C04F79EFBC}") = "TaskList.Shared.Common", "TaskList.Shared.Common\TaskList.Shared.Common.csproj", "{9883C96E-17E2-460E-A1AA-9A00C3E778F9}"
EndProject
Global
	GlobalSection(SolutionConfigurationPlatforms) = preSolution
		Debug|Any CPU = Debug|Any CPU
		Release|Any CPU = Release|Any CPU
	EndGlobalSection
	GlobalSection(ProjectConfigurationPlatforms) = postSolution
		{325C31FB-70F1-45D9-AEBB-96B817E96B8C}.Debug|Any CPU.ActiveCfg = Debug|Any CPU
		{325C31FB-70F1-45D9-AEBB-96B817E96B8C}.Debug|Any CPU.Build.0 = Debug|Any CPU
		{325C31FB-70F1-45D9-AEBB-96B817E96B8C}.Release|Any CPU.ActiveCfg = Release|Any CPU
		{325C31FB-70F1-45D9-AEBB-96B817E96B8C}.Release|Any CPU.Build.0 = Release|Any CPU
		{064606F4-36E4-4C24-B3F0-BAEB7C59BA86}.Debug|Any CPU.ActiveCfg = Debug|Any CPU
		{064606F4-36E4-4C24-B3F0-BAEB7C59BA86}.Debug|Any CPU.Build.0 = Debug|Any CPU
		{064606F4-36E4-4C24-B3F0-BAEB7C59BA86}.Release|Any CPU.ActiveCfg = Release|Any CPU
		{064606F4-36E4-4C24-B3F0-BAEB7C59BA86}.Release|Any CPU.Build.0 = Release|Any CPU
		{7952E00C-54BE-45C7-924A-984353469517}.Debug|Any CPU.ActiveCfg = Debug|Any CPU
		{7952E00C-54BE-45C7-924A-984353469517}.Debug|Any CPU.Build.0 = Debug|Any CPU
		{7952E00C-54BE-45C7-924A-984353469517}.Release|Any CPU.ActiveCfg = Release|Any CPU
		{7952E00C-54BE-45C7-924A-984353469517}.Release|Any CPU.Build.0 = Release|Any CPU
		{7D2D6E11-5E02-46B5-A423-8C83F8B503EE}.Debug|Any CPU.ActiveCfg = Debug|Any CPU
		{7D2D6E11-5E02-46B5-A423-8C83F8B503EE}.Debug|Any CPU.Build.0 = Debug|Any CPU
		{7D2D6E11-5E02-46B5-A423-8C83F8B503EE}.Release|Any CPU.ActiveCfg = Release|Any CPU
		{7D2D6E11-5E02-46B5-A423-8C83F8B503EE}.Release|Any CPU.Build.0 = Release|Any CPU
		{9883C96E-17E2-460E-A1AA-9A00C3E778F9}.Debug|Any CPU.ActiveCfg = Debug|Any CPU
		{9883C96E-17E2-460E-A1AA-9A00C3E778F9}.Debug|Any CPU.Build.0 = Debug|Any CPU
		{9883C96E-17E2-460E-A1AA-9A00C3E778F9}.Release|Any CPU.ActiveCfg = Release|Any CPU
		{9883C96E-17E2-460E-A1AA-9A00C3E778F9}.Release|Any CPU.Build.0 = Release|Any CPU
	EndGlobalSection
	GlobalSection(SolutionProperties) = preSolution
		HideSolutionNode = FALSE
	EndGlobalSection
	GlobalSection(ExtensibilityGlobals) = postSolution
		SolutionGuid = {4A20D83F-9E40-4C9F-B895-5B8C039ACA7A}
	EndGlobalSection
EndGlobal
